
Microsoft Visual Studio Solution File, Format Version 12.00
# Visual Studio 14
VisualStudioVersion = 14.0.25420.1
MinimumVisualStudioVersion = 10.0.40219.1
Project("{FAE04EC0-301F-11D3-BF4B-00C04F79EFBC}") = "FSFramework", "FSFramework\FSFramework.csproj", "{06F17A49-BFD0-4D12-8F99-FC52B5679E33}"
EndProject
Project("{FAE04EC0-301F-11D3-BF4B-00C04F79EFBC}") = "FSFrameworkUnitTest", "FSFrameworkUnitTest\FSFrameworkUnitTest.csproj", "{DFCFC1FC-6DD5-4A66-B12D-3357F4D4B756}"
EndProject
Global
	GlobalSection(SolutionConfigurationPlatforms) = preSolution
		Debug|Any CPU = Debug|Any CPU
		Release|Any CPU = Release|Any CPU
	EndGlobalSection
	GlobalSection(ProjectConfigurationPlatforms) = postSolution
		{06F17A49-BFD0-4D12-8F99-FC52B5679E33}.Debug|Any CPU.ActiveCfg = Debug|Any CPU
		{06F17A49-BFD0-4D12-8F99-FC52B5679E33}.Debug|Any CPU.Build.0 = Debug|Any CPU
		{06F17A49-BFD0-4D12-8F99-FC52B5679E33}.Release|Any CPU.ActiveCfg = Release|Any CPU
		{06F17A49-BFD0-4D12-8F99-FC52B5679E33}.Release|Any CPU.Build.0 = Release|Any CPU
		{DFCFC1FC-6DD5-4A66-B12D-3357F4D4B756}.Debug|Any CPU.ActiveCfg = Debug|Any CPU
		{DFCFC1FC-6DD5-4A66-B12D-3357F4D4B756}.Debug|Any CPU.Build.0 = Debug|Any CPU
		{DFCFC1FC-6DD5-4A66-B12D-3357F4D4B756}.Release|Any CPU.ActiveCfg = Release|Any CPU
		{DFCFC1FC-6DD5-4A66-B12D-3357F4D4B756}.Release|Any CPU.Build.0 = Release|Any CPU
	EndGlobalSection
	GlobalSection(SolutionProperties) = preSolution
		HideSolutionNode = FALSE
	EndGlobalSection
EndGlobal
